
Microsoft Visual Studio Solution File, Format Version 11.00
# Visual Studio 2010
# SharpDevelop 5.1
Project("{FAE04EC0-301F-11D3-BF4B-00C04F79EFBC}") = "ApexRandomChoise", "ApexRandomChoise\ApexRandomChoise.csproj", "{73C59752-A164-44DF-8B0E-68001D672031}"
EndProject
Global
	GlobalSection(SolutionConfigurationPlatforms) = preSolution
		Debug|Any CPU = Debug|Any CPU
		Release|Any CPU = Release|Any CPU
	EndGlobalSection
	GlobalSection(ProjectConfigurationPlatforms) = postSolution
		{73C59752-A164-44DF-8B0E-68001D672031}.Debug|Any CPU.ActiveCfg = Debug|Any CPU
		{73C59752-A164-44DF-8B0E-68001D672031}.Debug|Any CPU.Build.0 = Debug|Any CPU
		{73C59752-A164-44DF-8B0E-68001D672031}.Release|Any CPU.ActiveCfg = Release|Any CPU
		{73C59752-A164-44DF-8B0E-68001D672031}.Release|Any CPU.Build.0 = Release|Any CPU
	EndGlobalSection
EndGlobal
